// !$*UTF8*$!
{
	archiveVersion = 1;
	classes = {
	};
	objectVersion = 50;
	objects = {

/* Begin PBXBuildFile section */
		18708A4123FF7B4600D32D78 /* LoginValidataionViewModel.swift in Sources */ = {isa = PBXBuildFile; fileRef = 18708A4023FF7B4600D32D78 /* LoginValidataionViewModel.swift */; };
		18708A4523FF7EC900D32D78 /* Login.storyboard in Resources */ = {isa = PBXBuildFile; fileRef = 18708A4423FF7EC900D32D78 /* Login.storyboard */; };
		18708A4723FF7F3600D32D78 /* LoginViewController.swift in Sources */ = {isa = PBXBuildFile; fileRef = 18708A4623FF7F3600D32D78 /* LoginViewController.swift */; };
		18708A4923FF83E100D32D78 /* Global.swift in Sources */ = {isa = PBXBuildFile; fileRef = 18708A4823FF83E100D32D78 /* Global.swift */; };
		18708A4B23FF84D500D32D78 /* AppManager.swift in Sources */ = {isa = PBXBuildFile; fileRef = 18708A4A23FF84D500D32D78 /* AppManager.swift */; };
		18A5215D23FF78C800913CD7 /* AppDelegate.swift in Sources */ = {isa = PBXBuildFile; fileRef = 18A5215C23FF78C800913CD7 /* AppDelegate.swift */; };
		18A5216223FF78C800913CD7 /* Main.storyboard in Resources */ = {isa = PBXBuildFile; fileRef = 18A5216023FF78C800913CD7 /* Main.storyboard */; };
		18A5216423FF78C800913CD7 /* Assets.xcassets in Resources */ = {isa = PBXBuildFile; fileRef = 18A5216323FF78C800913CD7 /* Assets.xcassets */; };
		18A5216723FF78C800913CD7 /* LaunchScreen.storyboard in Resources */ = {isa = PBXBuildFile; fileRef = 18A5216523FF78C800913CD7 /* LaunchScreen.storyboard */; };
		18A5217223FF78C900913CD7 /* RxSwiftPracticeTests.swift in Sources */ = {isa = PBXBuildFile; fileRef = 18A5217123FF78C900913CD7 /* RxSwiftPracticeTests.swift */; };
		18A5217D23FF78C900913CD7 /* RxSwiftPracticeUITests.swift in Sources */ = {isa = PBXBuildFile; fileRef = 18A5217C23FF78C900913CD7 /* RxSwiftPracticeUITests.swift */; };
		56CF2B6ED38B0EAF2221A4EC /* libPods-RxSwiftPractice.a in Frameworks */ = {isa = PBXBuildFile; fileRef = 8417BAEEF4E9F16284ADDA17 /* libPods-RxSwiftPractice.a */; };
		AB720797FBAF7FA3DDCE2FFF /* libPods-RxSwiftPracticeTests.a in Frameworks */ = {isa = PBXBuildFile; fileRef = 842CED486438A7C145EFC502 /* libPods-RxSwiftPracticeTests.a */; };
		C645D6F382E07EE9043BCA15 /* libPods-RxSwiftPracticeUITests.a in Frameworks */ = {isa = PBXBuildFile; fileRef = B0290D2CAEBD384B5EA4675C /* libPods-RxSwiftPracticeUITests.a */; };
/* End PBXBuildFile section */

/* Begin PBXContainerItemProxy section */
		18A5216E23FF78C900913CD7 /* PBXContainerItemProxy */ = {
			isa = PBXContainerItemProxy;
			containerPortal = 18A5215123FF78C800913CD7 /* Project object */;
			proxyType = 1;
			remoteGlobalIDString = 18A5215823FF78C800913CD7;
			remoteInfo = RxSwiftPractice;
		};
		18A5217923FF78C900913CD7 /* PBXContainerItemProxy */ = {
			isa = PBXContainerItemProxy;
			containerPortal = 18A5215123FF78C800913CD7 /* Project object */;
			proxyType = 1;
			remoteGlobalIDString = 18A5215823FF78C800913CD7;
			remoteInfo = RxSwiftPractice;
		};
/* End PBXContainerItemProxy section */

/* Begin PBXFileReference section */
		11DEFFA777378D6E860D289F /* Pods-RxSwiftPracticeUITests.release.xcconfig */ = {isa = PBXFileReference; includeInIndex = 1; lastKnownFileType = text.xcconfig; name = "Pods-RxSwiftPracticeUITests.release.xcconfig"; path = "Target Support Files/Pods-RxSwiftPracticeUITests/Pods-RxSwiftPracticeUITests.release.xcconfig"; sourceTree = "<group>"; };
		18708A4023FF7B4600D32D78 /* LoginValidataionViewModel.swift */ = {isa = PBXFileReference; lastKnownFileType = sourcecode.swift; path = LoginValidataionViewModel.swift; sourceTree = "<group>"; };
		18708A4423FF7EC900D32D78 /* Login.storyboard */ = {isa = PBXFileReference; lastKnownFileType = file.storyboard; path = Login.storyboard; sourceTree = "<group>"; };
		18708A4623FF7F3600D32D78 /* LoginViewController.swift */ = {isa = PBXFileReference; lastKnownFileType = sourcecode.swift; path = LoginViewController.swift; sourceTree = "<group>"; };
		18708A4823FF83E100D32D78 /* Global.swift */ = {isa = PBXFileReference; lastKnownFileType = sourcecode.swift; path = Global.swift; sourceTree = "<group>"; };
		18708A4A23FF84D500D32D78 /* AppManager.swift */ = {isa = PBXFileReference; lastKnownFileType = sourcecode.swift; path = AppManager.swift; sourceTree = "<group>"; };
		18A5215923FF78C800913CD7 /* RxSwiftPractice.app */ = {isa = PBXFileReference; explicitFileType = wrapper.application; includeInIndex = 0; path = RxSwiftPractice.app; sourceTree = BUILT_PRODUCTS_DIR; };
		18A5215C23FF78C800913CD7 /* AppDelegate.swift */ = {isa = PBXFileReference; lastKnownFileType = sourcecode.swift; path = AppDelegate.swift; sourceTree = "<group>"; };
		18A5216123FF78C800913CD7 /* Base */ = {isa = PBXFileReference; lastKnownFileType = file.storyboard; name = Base; path = Base.lproj/Main.storyboard; sourceTree = "<group>"; };
		18A5216323FF78C800913CD7 /* Assets.xcassets */ = {isa = PBXFileReference; lastKnownFileType = folder.assetcatalog; path = Assets.xcassets; sourceTree = "<group>"; };
		18A5216623FF78C800913CD7 /* Base */ = {isa = PBXFileReference; lastKnownFileType = file.storyboard; name = Base; path = Base.lproj/LaunchScreen.storyboard; sourceTree = "<group>"; };
		18A5216823FF78C800913CD7 /* Info.plist */ = {isa = PBXFileReference; lastKnownFileType = text.plist.xml; path = Info.plist; sourceTree = "<group>"; };
		18A5216D23FF78C900913CD7 /* RxSwiftPracticeTests.xctest */ = {isa = PBXFileReference; explicitFileType = wrapper.cfbundle; includeInIndex = 0; path = RxSwiftPracticeTests.xctest; sourceTree = BUILT_PRODUCTS_DIR; };
		18A5217123FF78C900913CD7 /* RxSwiftPracticeTests.swift */ = {isa = PBXFileReference; lastKnownFileType = sourcecode.swift; path = RxSwiftPracticeTests.swift; sourceTree = "<group>"; };
		18A5217323FF78C900913CD7 /* Info.plist */ = {isa = PBXFileReference; lastKnownFileType = text.plist.xml; path = Info.plist; sourceTree = "<group>"; };
		18A5217823FF78C900913CD7 /* RxSwiftPracticeUITests.xctest */ = {isa = PBXFileReference; explicitFileType = wrapper.cfbundle; includeInIndex = 0; path = RxSwiftPracticeUITests.xctest; sourceTree = BUILT_PRODUCTS_DIR; };
		18A5217C23FF78C900913CD7 /* RxSwiftPracticeUITests.swift */ = {isa = PBXFileReference; lastKnownFileType = sourcecode.swift; path = RxSwiftPracticeUITests.swift; sourceTree = "<group>"; };
		18A5217E23FF78C900913CD7 /* Info.plist */ = {isa = PBXFileReference; lastKnownFileType = text.plist.xml; path = Info.plist; sourceTree = "<group>"; };
		66268D07C5503386C29D31CB /* Pods-RxSwiftPractice.release.xcconfig */ = {isa = PBXFileReference; includeInIndex = 1; lastKnownFileType = text.xcconfig; name = "Pods-RxSwiftPractice.release.xcconfig"; path = "Target Support Files/Pods-RxSwiftPractice/Pods-RxSwiftPractice.release.xcconfig"; sourceTree = "<group>"; };
		75F1B88139061B8F7CA2E519 /* Pods-RxSwiftPracticeTests.release.xcconfig */ = {isa = PBXFileReference; includeInIndex = 1; lastKnownFileType = text.xcconfig; name = "Pods-RxSwiftPracticeTests.release.xcconfig"; path = "Target Support Files/Pods-RxSwiftPracticeTests/Pods-RxSwiftPracticeTests.release.xcconfig"; sourceTree = "<group>"; };
		80919F84F7FB3CE79CAD1BC3 /* Pods-RxSwiftPracticeTests.debug.xcconfig */ = {isa = PBXFileReference; includeInIndex = 1; lastKnownFileType = text.xcconfig; name = "Pods-RxSwiftPracticeTests.debug.xcconfig"; path = "Target Support Files/Pods-RxSwiftPracticeTests/Pods-RxSwiftPracticeTests.debug.xcconfig"; sourceTree = "<group>"; };
		8417BAEEF4E9F16284ADDA17 /* libPods-RxSwiftPractice.a */ = {isa = PBXFileReference; explicitFileType = archive.ar; includeInIndex = 0; path = "libPods-RxSwiftPractice.a"; sourceTree = BUILT_PRODUCTS_DIR; };
		842CED486438A7C145EFC502 /* libPods-RxSwiftPracticeTests.a */ = {isa = PBXFileReference; explicitFileType = archive.ar; includeInIndex = 0; path = "libPods-RxSwiftPracticeTests.a"; sourceTree = BUILT_PRODUCTS_DIR; };
		B0290D2CAEBD384B5EA4675C /* libPods-RxSwiftPracticeUITests.a */ = {isa = PBXFileReference; explicitFileType = archive.ar; includeInIndex = 0; path = "libPods-RxSwiftPracticeUITests.a"; sourceTree = BUILT_PRODUCTS_DIR; };
		C5EE7AC8ACF314ECB7909440 /* Pods-RxSwiftPracticeUITests.debug.xcconfig */ = {isa = PBXFileReference; includeInIndex = 1; lastKnownFileType = text.xcconfig; name = "Pods-RxSwiftPracticeUITests.debug.xcconfig"; path = "Target Support Files/Pods-RxSwiftPracticeUITests/Pods-RxSwiftPracticeUITests.debug.xcconfig"; sourceTree = "<group>"; };
		D01D40845890CE9E2D184E0E /* Pods-RxSwiftPractice.debug.xcconfig */ = {isa = PBXFileReference; includeInIndex = 1; lastKnownFileType = text.xcconfig; name = "Pods-RxSwiftPractice.debug.xcconfig"; path = "Target Support Files/Pods-RxSwiftPractice/Pods-RxSwiftPractice.debug.xcconfig"; sourceTree = "<group>"; };
/* End PBXFileReference section */

/* Begin PBXFrameworksBuildPhase section */
		18A5215623FF78C800913CD7 /* Frameworks */ = {
			isa = PBXFrameworksBuildPhase;
			buildActionMask = 2147483647;
			files = (
				56CF2B6ED38B0EAF2221A4EC /* libPods-RxSwiftPractice.a in Frameworks */,
			);
			runOnlyForDeploymentPostprocessing = 0;
		};
		18A5216A23FF78C900913CD7 /* Frameworks */ = {
			isa = PBXFrameworksBuildPhase;
			buildActionMask = 2147483647;
			files = (
				AB720797FBAF7FA3DDCE2FFF /* libPods-RxSwiftPracticeTests.a in Frameworks */,
			);
			runOnlyForDeploymentPostprocessing = 0;
		};
		18A5217523FF78C900913CD7 /* Frameworks */ = {
			isa = PBXFrameworksBuildPhase;
			buildActionMask = 2147483647;
			files = (
				C645D6F382E07EE9043BCA15 /* libPods-RxSwiftPracticeUITests.a in Frameworks */,
			);
			runOnlyForDeploymentPostprocessing = 0;
		};
/* End PBXFrameworksBuildPhase section */

/* Begin PBXGroup section */
		0A40B59A88863009E9533DD4 /* Frameworks */ = {
			isa = PBXGroup;
			children = (
				8417BAEEF4E9F16284ADDA17 /* libPods-RxSwiftPractice.a */,
				842CED486438A7C145EFC502 /* libPods-RxSwiftPracticeTests.a */,
				B0290D2CAEBD384B5EA4675C /* libPods-RxSwiftPracticeUITests.a */,
			);
			name = Frameworks;
			sourceTree = "<group>";
		};
		18708A3F23FF7B1C00D32D78 /* Login */ = {
			isa = PBXGroup;
			children = (
				18708A4023FF7B4600D32D78 /* LoginValidataionViewModel.swift */,
				18708A4623FF7F3600D32D78 /* LoginViewController.swift */,
				18708A4423FF7EC900D32D78 /* Login.storyboard */,
			);
			path = Login;
			sourceTree = "<group>";
		};
		18A5215023FF78C800913CD7 = {
			isa = PBXGroup;
			children = (
				18A5215B23FF78C800913CD7 /* RxSwiftPractice */,
				18A5217023FF78C900913CD7 /* RxSwiftPracticeTests */,
				18A5217B23FF78C900913CD7 /* RxSwiftPracticeUITests */,
				18A5215A23FF78C800913CD7 /* Products */,
				E23440F1F3256569FA6282FF /* Pods */,
				0A40B59A88863009E9533DD4 /* Frameworks */,
			);
			sourceTree = "<group>";
		};
		18A5215A23FF78C800913CD7 /* Products */ = {
			isa = PBXGroup;
			children = (
				18A5215923FF78C800913CD7 /* RxSwiftPractice.app */,
				18A5216D23FF78C900913CD7 /* RxSwiftPracticeTests.xctest */,
				18A5217823FF78C900913CD7 /* RxSwiftPracticeUITests.xctest */,
			);
			name = Products;
			sourceTree = "<group>";
		};
		18A5215B23FF78C800913CD7 /* RxSwiftPractice */ = {
			isa = PBXGroup;
			children = (
				18A5215C23FF78C800913CD7 /* AppDelegate.swift */,
				18708A4A23FF84D500D32D78 /* AppManager.swift */,
				18708A4823FF83E100D32D78 /* Global.swift */,
				18708A3F23FF7B1C00D32D78 /* Login */,
				18A5216023FF78C800913CD7 /* Main.storyboard */,
				18A5216323FF78C800913CD7 /* Assets.xcassets */,
				18A5216523FF78C800913CD7 /* LaunchScreen.storyboard */,
				18A5216823FF78C800913CD7 /* Info.plist */,
			);
			path = RxSwiftPractice;
			sourceTree = "<group>";
		};
		18A5217023FF78C900913CD7 /* RxSwiftPracticeTests */ = {
			isa = PBXGroup;
			children = (
				18A5217123FF78C900913CD7 /* RxSwiftPracticeTests.swift */,
				18A5217323FF78C900913CD7 /* Info.plist */,
			);
			path = RxSwiftPracticeTests;
			sourceTree = "<group>";
		};
		18A5217B23FF78C900913CD7 /* RxSwiftPracticeUITests */ = {
			isa = PBXGroup;
			children = (
				18A5217C23FF78C900913CD7 /* RxSwiftPracticeUITests.swift */,
				18A5217E23FF78C900913CD7 /* Info.plist */,
			);
			path = RxSwiftPracticeUITests;
			sourceTree = "<group>";
		};
		E23440F1F3256569FA6282FF /* Pods */ = {
			isa = PBXGroup;
			children = (
				D01D40845890CE9E2D184E0E /* Pods-RxSwiftPractice.debug.xcconfig */,
				66268D07C5503386C29D31CB /* Pods-RxSwiftPractice.release.xcconfig */,
				80919F84F7FB3CE79CAD1BC3 /* Pods-RxSwiftPracticeTests.debug.xcconfig */,
				75F1B88139061B8F7CA2E519 /* Pods-RxSwiftPracticeTests.release.xcconfig */,
				C5EE7AC8ACF314ECB7909440 /* Pods-RxSwiftPracticeUITests.debug.xcconfig */,
				11DEFFA777378D6E860D289F /* Pods-RxSwiftPracticeUITests.release.xcconfig */,
			);
			path = Pods;
			sourceTree = "<group>";
		};
/* End PBXGroup section */

/* Begin PBXNativeTarget section */
		18A5215823FF78C800913CD7 /* RxSwiftPractice */ = {
			isa = PBXNativeTarget;
			buildConfigurationList = 18A5218123FF78C900913CD7 /* Build configuration list for PBXNativeTarget "RxSwiftPractice" */;
			buildPhases = (
				B2E75BB990F5D85622C70CB0 /* [CP] Check Pods Manifest.lock */,
				18A5215523FF78C800913CD7 /* Sources */,
				18A5215623FF78C800913CD7 /* Frameworks */,
				18A5215723FF78C800913CD7 /* Resources */,
			);
			buildRules = (
			);
			dependencies = (
			);
			name = RxSwiftPractice;
			productName = RxSwiftPractice;
			productReference = 18A5215923FF78C800913CD7 /* RxSwiftPractice.app */;
			productType = "com.apple.product-type.application";
		};
		18A5216C23FF78C900913CD7 /* RxSwiftPracticeTests */ = {
			isa = PBXNativeTarget;
			buildConfigurationList = 18A5218423FF78C900913CD7 /* Build configuration list for PBXNativeTarget "RxSwiftPracticeTests" */;
			buildPhases = (
				4AC53A8A42BC993B78502E59 /* [CP] Check Pods Manifest.lock */,
				18A5216923FF78C900913CD7 /* Sources */,
				18A5216A23FF78C900913CD7 /* Frameworks */,
				18A5216B23FF78C900913CD7 /* Resources */,
			);
			buildRules = (
			);
			dependencies = (
				18A5216F23FF78C900913CD7 /* PBXTargetDependency */,
			);
			name = RxSwiftPracticeTests;
			productName = RxSwiftPracticeTests;
			productReference = 18A5216D23FF78C900913CD7 /* RxSwiftPracticeTests.xctest */;
			productType = "com.apple.product-type.bundle.unit-test";
		};
		18A5217723FF78C900913CD7 /* RxSwiftPracticeUITests */ = {
			isa = PBXNativeTarget;
			buildConfigurationList = 18A5218723FF78C900913CD7 /* Build configuration list for PBXNativeTarget "RxSwiftPracticeUITests" */;
			buildPhases = (
				C8DD60EA4FB7EA2747F5F503 /* [CP] Check Pods Manifest.lock */,
				18A5217423FF78C900913CD7 /* Sources */,
				18A5217523FF78C900913CD7 /* Frameworks */,
				18A5217623FF78C900913CD7 /* Resources */,
			);
			buildRules = (
			);
			dependencies = (
				18A5217A23FF78C900913CD7 /* PBXTargetDependency */,
			);
			name = RxSwiftPracticeUITests;
			productName = RxSwiftPracticeUITests;
			productReference = 18A5217823FF78C900913CD7 /* RxSwiftPracticeUITests.xctest */;
			productType = "com.apple.product-type.bundle.ui-testing";
		};
/* End PBXNativeTarget section */

/* Begin PBXProject section */
		18A5215123FF78C800913CD7 /* Project object */ = {
			isa = PBXProject;
			attributes = {
				LastSwiftUpdateCheck = 1010;
				LastUpgradeCheck = 1010;
				ORGANIZATIONNAME = apple;
				TargetAttributes = {
					18A5215823FF78C800913CD7 = {
						CreatedOnToolsVersion = 10.1;
					};
					18A5216C23FF78C900913CD7 = {
						CreatedOnToolsVersion = 10.1;
						TestTargetID = 18A5215823FF78C800913CD7;
					};
					18A5217723FF78C900913CD7 = {
						CreatedOnToolsVersion = 10.1;
						TestTargetID = 18A5215823FF78C800913CD7;
					};
				};
			};
			buildConfigurationList = 18A5215423FF78C800913CD7 /* Build configuration list for PBXProject "RxSwiftPractice" */;
			compatibilityVersion = "Xcode 9.3";
			developmentRegion = en;
			hasScannedForEncodings = 0;
			knownRegions = (
				en,
				Base,
			);
			mainGroup = 18A5215023FF78C800913CD7;
			productRefGroup = 18A5215A23FF78C800913CD7 /* Products */;
			projectDirPath = "";
			projectRoot = "";
			targets = (
				18A5215823FF78C800913CD7 /* RxSwiftPractice */,
				18A5216C23FF78C900913CD7 /* RxSwiftPracticeTests */,
				18A5217723FF78C900913CD7 /* RxSwiftPracticeUITests */,
			);
		};
/* End PBXProject section */

/* Begin PBXResourcesBuildPhase section */
		18A5215723FF78C800913CD7 /* Resources */ = {
			isa = PBXResourcesBuildPhase;
			buildActionMask = 2147483647;
			files = (
				18708A4523FF7EC900D32D78 /* Login.storyboard in Resources */,
				18A5216723FF78C800913CD7 /* LaunchScreen.storyboard in Resources */,
				18A5216423FF78C800913CD7 /* Assets.xcassets in Resources */,
				18A5216223FF78C800913CD7 /* Main.storyboard in Resources */,
			);
			runOnlyForDeploymentPostprocessing = 0;
		};
		18A5216B23FF78C900913CD7 /* Resources */ = {
			isa = PBXResourcesBuildPhase;
			buildActionMask = 2147483647;
			files = (
			);
			runOnlyForDeploymentPostprocessing = 0;
		};
		18A5217623FF78C900913CD7 /* Resources */ = {
			isa = PBXResourcesBuildPhase;
			buildActionMask = 2147483647;
			files = (
			);
			runOnlyForDeploymentPostprocessing = 0;
		};
/* End PBXResourcesBuildPhase section */

/* Begin PBXShellScriptBuildPhase section */
		4AC53A8A42BC993B78502E59 /* [CP] Check Pods Manifest.lock */ = {
			isa = PBXShellScriptBuildPhase;
			buildActionMask = 2147483647;
			files = (
			);
			inputFileListPaths = (
			);
			inputPaths = (
				"${PODS_PODFILE_DIR_PATH}/Podfile.lock",
				"${PODS_ROOT}/Manifest.lock",
			);
			name = "[CP] Check Pods Manifest.lock";
			outputFileListPaths = (
			);
			outputPaths = (
				"$(DERIVED_FILE_DIR)/Pods-RxSwiftPracticeTests-checkManifestLockResult.txt",
			);
			runOnlyForDeploymentPostprocessing = 0;
			shellPath = /bin/sh;
			shellScript = "diff \"${PODS_PODFILE_DIR_PATH}/Podfile.lock\" \"${PODS_ROOT}/Manifest.lock\" > /dev/null\nif [ $? != 0 ] ; then\n    # print error to STDERR\n    echo \"error: The sandbox is not in sync with the Podfile.lock. Run 'pod install' or update your CocoaPods installation.\" >&2\n    exit 1\nfi\n# This output is used by Xcode 'outputs' to avoid re-running this script phase.\necho \"SUCCESS\" > \"${SCRIPT_OUTPUT_FILE_0}\"\n";
			showEnvVarsInLog = 0;
		};
		B2E75BB990F5D85622C70CB0 /* [CP] Check Pods Manifest.lock */ = {
			isa = PBXShellScriptBuildPhase;
			buildActionMask = 2147483647;
			files = (
			);
			inputFileListPaths = (
			);
			inputPaths = (
				"${PODS_PODFILE_DIR_PATH}/Podfile.lock",
				"${PODS_ROOT}/Manifest.lock",
			);
			name = "[CP] Check Pods Manifest.lock";
			outputFileListPaths = (
			);
			outputPaths = (
				"$(DERIVED_FILE_DIR)/Pods-RxSwiftPractice-checkManifestLockResult.txt",
			);
			runOnlyForDeploymentPostprocessing = 0;
			shellPath = /bin/sh;
			shellScript = "diff \"${PODS_PODFILE_DIR_PATH}/Podfile.lock\" \"${PODS_ROOT}/Manifest.lock\" > /dev/null\nif [ $? != 0 ] ; then\n    # print error to STDERR\n    echo \"error: The sandbox is not in sync with the Podfile.lock. Run 'pod install' or update your CocoaPods installation.\" >&2\n    exit 1\nfi\n# This output is used by Xcode 'outputs' to avoid re-running this script phase.\necho \"SUCCESS\" > \"${SCRIPT_OUTPUT_FILE_0}\"\n";
			showEnvVarsInLog = 0;
		};
		C8DD60EA4FB7EA2747F5F503 /* [CP] Check Pods Manifest.lock */ = {
			isa = PBXShellScriptBuildPhase;
			buildActionMask = 2147483647;
			files = (
			);
			inputFileListPaths = (
			);
			inputPaths = (
				"${PODS_PODFILE_DIR_PATH}/Podfile.lock",
				"${PODS_ROOT}/Manifest.lock",
			);
			name = "[CP] Check Pods Manifest.lock";
			outputFileListPaths = (
			);
			outputPaths = (
				"$(DERIVED_FILE_DIR)/Pods-RxSwiftPracticeUITests-checkManifestLockResult.txt",
			);
			runOnlyForDeploymentPostprocessing = 0;
			shellPath = /bin/sh;
			shellScript = "diff \"${PODS_PODFILE_DIR_PATH}/Podfile.lock\" \"${PODS_ROOT}/Manifest.lock\" > /dev/null\nif [ $? != 0 ] ; then\n    # print error to STDERR\n    echo \"error: The sandbox is not in sync with the Podfile.lock. Run 'pod install' or update your CocoaPods installation.\" >&2\n    exit 1\nfi\n# This output is used by Xcode 'outputs' to avoid re-running this script phase.\necho \"SUCCESS\" > \"${SCRIPT_OUTPUT_FILE_0}\"\n";
			showEnvVarsInLog = 0;
		};
/* End PBXShellScriptBuildPhase section */

/* Begin PBXSourcesBuildPhase section */
		18A5215523FF78C800913CD7 /* Sources */ = {
			isa = PBXSourcesBuildPhase;
			buildActionMask = 2147483647;
			files = (
				18708A4723FF7F3600D32D78 /* LoginViewController.swift in Sources */,
				18708A4B23FF84D500D32D78 /* AppManager.swift in Sources */,
				18708A4123FF7B4600D32D78 /* LoginValidataionViewModel.swift in Sources */,
				18708A4923FF83E100D32D78 /* Global.swift in Sources */,
				18A5215D23FF78C800913CD7 /* AppDelegate.swift in Sources */,
			);
			runOnlyForDeploymentPostprocessing = 0;
		};
		18A5216923FF78C900913CD7 /* Sources */ = {
			isa = PBXSourcesBuildPhase;
			buildActionMask = 2147483647;
			files = (
				18A5217223FF78C900913CD7 /* RxSwiftPracticeTests.swift in Sources */,
			);
			runOnlyForDeploymentPostprocessing = 0;
		};
		18A5217423FF78C900913CD7 /* Sources */ = {
			isa = PBXSourcesBuildPhase;
			buildActionMask = 2147483647;
			files = (
				18A5217D23FF78C900913CD7 /* RxSwiftPracticeUITests.swift in Sources */,
			);
			runOnlyForDeploymentPostprocessing = 0;
		};
/* End PBXSourcesBuildPhase section */

/* Begin PBXTargetDependency section */
		18A5216F23FF78C900913CD7 /* PBXTargetDependency */ = {
			isa = PBXTargetDependency;
			target = 18A5215823FF78C800913CD7 /* RxSwiftPractice */;
			targetProxy = 18A5216E23FF78C900913CD7 /* PBXContainerItemProxy */;
		};
		18A5217A23FF78C900913CD7 /* PBXTargetDependency */ = {
			isa = PBXTargetDependency;
			target = 18A5215823FF78C800913CD7 /* RxSwiftPractice */;
			targetProxy = 18A5217923FF78C900913CD7 /* PBXContainerItemProxy */;
		};
/* End PBXTargetDependency section */

/* Begin PBXVariantGroup section */
		18A5216023FF78C800913CD7 /* Main.storyboard */ = {
			isa = PBXVariantGroup;
			children = (
				18A5216123FF78C800913CD7 /* Base */,
			);
			name = Main.storyboard;
			sourceTree = "<group>";
		};
		18A5216523FF78C800913CD7 /* LaunchScreen.storyboard */ = {
			isa = PBXVariantGroup;
			children = (
				18A5216623FF78C800913CD7 /* Base */,
			);
			name = LaunchScreen.storyboard;
			sourceTree = "<group>";
		};
/* End PBXVariantGroup section */

/* Begin XCBuildConfiguration section */
		18A5217F23FF78C900913CD7 /* Debug */ = {
			isa = XCBuildConfiguration;
			buildSettings = {
				ALWAYS_SEARCH_USER_PATHS = NO;
				CLANG_ANALYZER_NONNULL = YES;
				CLANG_ANALYZER_NUMBER_OBJECT_CONVERSION = YES_AGGRESSIVE;
				CLANG_CXX_LANGUAGE_STANDARD = "gnu++14";
				CLANG_CXX_LIBRARY = "libc++";
				CLANG_ENABLE_MODULES = YES;
				CLANG_ENABLE_OBJC_ARC = YES;
				CLANG_ENABLE_OBJC_WEAK = YES;
				CLANG_WARN_BLOCK_CAPTURE_AUTORELEASING = YES;
				CLANG_WARN_BOOL_CONVERSION = YES;
				CLANG_WARN_COMMA = YES;
				CLANG_WARN_CONSTANT_CONVERSION = YES;
				CLANG_WARN_DEPRECATED_OBJC_IMPLEMENTATIONS = YES;
				CLANG_WARN_DIRECT_OBJC_ISA_USAGE = YES_ERROR;
				CLANG_WARN_DOCUMENTATION_COMMENTS = YES;
				CLANG_WARN_EMPTY_BODY = YES;
				CLANG_WARN_ENUM_CONVERSION = YES;
				CLANG_WARN_INFINITE_RECURSION = YES;
				CLANG_WARN_INT_CONVERSION = YES;
				CLANG_WARN_NON_LITERAL_NULL_CONVERSION = YES;
				CLANG_WARN_OBJC_IMPLICIT_RETAIN_SELF = YES;
				CLANG_WARN_OBJC_LITERAL_CONVERSION = YES;
				CLANG_WARN_OBJC_ROOT_CLASS = YES_ERROR;
				CLANG_WARN_RANGE_LOOP_ANALYSIS = YES;
				CLANG_WARN_STRICT_PROTOTYPES = YES;
				CLANG_WARN_SUSPICIOUS_MOVE = YES;
				CLANG_WARN_UNGUARDED_AVAILABILITY = YES_AGGRESSIVE;
				CLANG_WARN_UNREACHABLE_CODE = YES;
				CLANG_WARN__DUPLICATE_METHOD_MATCH = YES;
				CODE_SIGN_IDENTITY = "iPhone Developer";
				COPY_PHASE_STRIP = NO;
				DEBUG_INFORMATION_FORMAT = dwarf;
				ENABLE_STRICT_OBJC_MSGSEND = YES;
				ENABLE_TESTABILITY = YES;
				GCC_C_LANGUAGE_STANDARD = gnu11;
				GCC_DYNAMIC_NO_PIC = NO;
				GCC_NO_COMMON_BLOCKS = YES;
				GCC_OPTIMIZATION_LEVEL = 0;
				GCC_PREPROCESSOR_DEFINITIONS = (
					"DEBUG=1",
					"$(inherited)",
				);
				GCC_WARN_64_TO_32_BIT_CONVERSION = YES;
				GCC_WARN_ABOUT_RETURN_TYPE = YES_ERROR;
				GCC_WARN_UNDECLARED_SELECTOR = YES;
				GCC_WARN_UNINITIALIZED_AUTOS = YES_AGGRESSIVE;
				GCC_WARN_UNUSED_FUNCTION = YES;
				GCC_WARN_UNUSED_VARIABLE = YES;
				IPHONEOS_DEPLOYMENT_TARGET = 12.1;
				MTL_ENABLE_DEBUG_INFO = INCLUDE_SOURCE;
				MTL_FAST_MATH = YES;
				ONLY_ACTIVE_ARCH = YES;
				SDKROOT = iphoneos;
				SWIFT_ACTIVE_COMPILATION_CONDITIONS = DEBUG;
				SWIFT_OPTIMIZATION_LEVEL = "-Onone";
			};
			name = Debug;
		};
		18A5218023FF78C900913CD7 /* Release */ = {
			isa = XCBuildConfiguration;
			buildSettings = {
				ALWAYS_SEARCH_USER_PATHS = NO;
				CLANG_ANALYZER_NONNULL = YES;
				CLANG_ANALYZER_NUMBER_OBJECT_CONVERSION = YES_AGGRESSIVE;
				CLANG_CXX_LANGUAGE_STANDARD = "gnu++14";
				CLANG_CXX_LIBRARY = "libc++";
				CLANG_ENABLE_MODULES = YES;
				CLANG_ENABLE_OBJC_ARC = YES;
				CLANG_ENABLE_OBJC_WEAK = YES;
				CLANG_WARN_BLOCK_CAPTURE_AUTORELEASING = YES;
				CLANG_WARN_BOOL_CONVERSION = YES;
				CLANG_WARN_COMMA = YES;
				CLANG_WARN_CONSTANT_CONVERSION = YES;
				CLANG_WARN_DEPRECATED_OBJC_IMPLEMENTATIONS = YES;
				CLANG_WARN_DIRECT_OBJC_ISA_USAGE = YES_ERROR;
				CLANG_WARN_DOCUMENTATION_COMMENTS = YES;
				CLANG_WARN_EMPTY_BODY = YES;
				CLANG_WARN_ENUM_CONVERSION = YES;
				CLANG_WARN_INFINITE_RECURSION = YES;
				CLANG_WARN_INT_CONVERSION = YES;
				CLANG_WARN_NON_LITERAL_NULL_CONVERSION = YES;
				CLANG_WARN_OBJC_IMPLICIT_RETAIN_SELF = YES;
				CLANG_WARN_OBJC_LITERAL_CONVERSION = YES;
				CLANG_WARN_OBJC_ROOT_CLASS = YES_ERROR;
				CLANG_WARN_RANGE_LOOP_ANALYSIS = YES;
				CLANG_WARN_STRICT_PROTOTYPES = YES;
				CLANG_WARN_SUSPICIOUS_MOVE = YES;
				CLANG_WARN_UNGUARDED_AVAILABILITY = YES_AGGRESSIVE;
				CLANG_WARN_UNREACHABLE_CODE = YES;
				CLANG_WARN__DUPLICATE_METHOD_MATCH = YES;
				CODE_SIGN_IDENTITY = "iPhone Developer";
				COPY_PHASE_STRIP = NO;
				DEBUG_INFORMATION_FORMAT = "dwarf-with-dsym";
				ENABLE_NS_ASSERTIONS = NO;
				ENABLE_STRICT_OBJC_MSGSEND = YES;
				GCC_C_LANGUAGE_STANDARD = gnu11;
				GCC_NO_COMMON_BLOCKS = YES;
				GCC_WARN_64_TO_32_BIT_CONVERSION = YES;
				GCC_WARN_ABOUT_RETURN_TYPE = YES_ERROR;
				GCC_WARN_UNDECLARED_SELECTOR = YES;
				GCC_WARN_UNINITIALIZED_AUTOS = YES_AGGRESSIVE;
				GCC_WARN_UNUSED_FUNCTION = YES;
				GCC_WARN_UNUSED_VARIABLE = YES;
				IPHONEOS_DEPLOYMENT_TARGET = 12.1;
				MTL_ENABLE_DEBUG_INFO = NO;
				MTL_FAST_MATH = YES;
				SDKROOT = iphoneos;
				SWIFT_COMPILATION_MODE = wholemodule;
				SWIFT_OPTIMIZATION_LEVEL = "-O";
				VALIDATE_PRODUCT = YES;
			};
			name = Release;
		};
		18A5218223FF78C900913CD7 /* Debug */ = {
			isa = XCBuildConfiguration;
			baseConfigurationReference = D01D40845890CE9E2D184E0E /* Pods-RxSwiftPractice.debug.xcconfig */;
			buildSettings = {
				ASSETCATALOG_COMPILER_APPICON_NAME = AppIcon;
				CODE_SIGN_STYLE = Automatic;
				DEVELOPMENT_TEAM = 53SPZK6S9S;
				INFOPLIST_FILE = RxSwiftPractice/Info.plist;
				LD_RUNPATH_SEARCH_PATHS = (
					"$(inherited)",
					"@executable_path/Frameworks",
				);
				PRODUCT_BUNDLE_IDENTIFIER = kkk.RxSwiftPractice;
				PRODUCT_NAME = "$(TARGET_NAME)";
				SWIFT_VERSION = 4.2;
				TARGETED_DEVICE_FAMILY = "1,2";
			};
			name = Debug;
		};
		18A5218323FF78C900913CD7 /* Release */ = {
			isa = XCBuildConfiguration;
			baseConfigurationReference = 66268D07C5503386C29D31CB /* Pods-RxSwiftPractice.release.xcconfig */;
			buildSettings = {
				ASSETCATALOG_COMPILER_APPICON_NAME = AppIcon;
				CODE_SIGN_STYLE = Automatic;
				DEVELOPMENT_TEAM = 53SPZK6S9S;
				INFOPLIST_FILE = RxSwiftPractice/Info.plist;
				LD_RUNPATH_SEARCH_PATHS = (
					"$(inherited)",
					"@executable_path/Frameworks",
				);
				PRODUCT_BUNDLE_IDENTIFIER = kkk.RxSwiftPractice;
				PRODUCT_NAME = "$(TARGET_NAME)";
				SWIFT_VERSION = 4.2;
				TARGETED_DEVICE_FAMILY = "1,2";
			};
			name = Release;
		};
		18A5218523FF78C900913CD7 /* Debug */ = {
			isa = XCBuildConfiguration;
			baseConfigurationReference = 80919F84F7FB3CE79CAD1BC3 /* Pods-RxSwiftPracticeTests.debug.xcconfig */;
			buildSettings = {
				ALWAYS_EMBED_SWIFT_STANDARD_LIBRARIES = YES;
				BUNDLE_LOADER = "$(TEST_HOST)";
				CODE_SIGN_STYLE = Automatic;
				DEVELOPMENT_TEAM = 53SPZK6S9S;
				INFOPLIST_FILE = RxSwiftPracticeTests/Info.plist;
				LD_RUNPATH_SEARCH_PATHS = (
					"$(inherited)",
					"@executable_path/Frameworks",
					"@loader_path/Frameworks",
				);
				PRODUCT_BUNDLE_IDENTIFIER = kkk.RxSwiftPracticeTests;
				PRODUCT_NAME = "$(TARGET_NAME)";
				SWIFT_VERSION = 4.2;
				TARGETED_DEVICE_FAMILY = "1,2";
				TEST_HOST = "$(BUILT_PRODUCTS_DIR)/RxSwiftPractice.app/RxSwiftPractice";
			};
			name = Debug;
		};
		18A5218623FF78C900913CD7 /* Release */ = {
			isa = XCBuildConfiguration;
			baseConfigurationReference = 75F1B88139061B8F7CA2E519 /* Pods-RxSwiftPracticeTests.release.xcconfig */;
			buildSettings = {
				ALWAYS_EMBED_SWIFT_STANDARD_LIBRARIES = YES;
				BUNDLE_LOADER = "$(TEST_HOST)";
				CODE_SIGN_STYLE = Automatic;
				DEVELOPMENT_TEAM = 53SPZK6S9S;
				INFOPLIST_FILE = RxSwiftPracticeTests/Info.plist;
				LD_RUNPATH_SEARCH_PATHS = (
					"$(inherited)",
					"@executable_path/Frameworks",
					"@loader_path/Frameworks",
				);
				PRODUCT_BUNDLE_IDENTIFIER = kkk.RxSwiftPracticeTests;
				PRODUCT_NAME = "$(TARGET_NAME)";
				SWIFT_VERSION = 4.2;
				TARGETED_DEVICE_FAMILY = "1,2";
				TEST_HOST = "$(BUILT_PRODUCTS_DIR)/RxSwiftPractice.app/RxSwiftPractice";
			};
			name = Release;
		};
		18A5218823FF78C900913CD7 /* Debug */ = {
			isa = XCBuildConfiguration;
			baseConfigurationReference = C5EE7AC8ACF314ECB7909440 /* Pods-RxSwiftPracticeUITests.debug.xcconfig */;
			buildSettings = {
				ALWAYS_EMBED_SWIFT_STANDARD_LIBRARIES = YES;
				CODE_SIGN_STYLE = Automatic;
				DEVELOPMENT_TEAM = 53SPZK6S9S;
				INFOPLIST_FILE = RxSwiftPracticeUITests/Info.plist;
				LD_RUNPATH_SEARCH_PATHS = (
					"$(inherited)",
					"@executable_path/Frameworks",
					"@loader_path/Frameworks",
				);
				PRODUCT_BUNDLE_IDENTIFIER = kkk.RxSwiftPracticeUITests;
				PRODUCT_NAME = "$(TARGET_NAME)";
				SWIFT_VERSION = 4.2;
				TARGETED_DEVICE_FAMILY = "1,2";
				TEST_TARGET_NAME = RxSwiftPractice;
			};
			name = Debug;
		};
		18A5218923FF78C900913CD7 /* Release */ = {
			isa = XCBuildConfiguration;
			baseConfigurationReference = 11DEFFA777378D6E860D289F /* Pods-RxSwiftPracticeUITests.release.xcconfig */;
			buildSettings = {
				ALWAYS_EMBED_SWIFT_STANDARD_LIBRARIES = YES;
				CODE_SIGN_STYLE = Automatic;
				DEVELOPMENT_TEAM = 53SPZK6S9S;
				INFOPLIST_FILE = RxSwiftPracticeUITests/Info.plist;
				LD_RUNPATH_SEARCH_PATHS = (
					"$(inherited)",
					"@executable_path/Frameworks",
					"@loader_path/Frameworks",
				);
				PRODUCT_BUNDLE_IDENTIFIER = kkk.RxSwiftPracticeUITests;
				PRODUCT_NAME = "$(TARGET_NAME)";
				SWIFT_VERSION = 4.2;
				TARGETED_DEVICE_FAMILY = "1,2";
				TEST_TARGET_NAME = RxSwiftPractice;
			};
			name = Release;
		};
/* End XCBuildConfiguration section */

/* Begin XCConfigurationList section */
		18A5215423FF78C800913CD7 /* Build configuration list for PBXProject "RxSwiftPractice" */ = {
			isa = XCConfigurationList;
			buildConfigurations = (
				18A5217F23FF78C900913CD7 /* Debug */,
				18A5218023FF78C900913CD7 /* Release */,
			);
			defaultConfigurationIsVisible = 0;
			defaultConfigurationName = Release;
		};
		18A5218123FF78C900913CD7 /* Build configuration list for PBXNativeTarget "RxSwiftPractice" */ = {
			isa = XCConfigurationList;
			buildConfigurations = (
				18A5218223FF78C900913CD7 /* Debug */,
				18A5218323FF78C900913CD7 /* Release */,
			);
			defaultConfigurationIsVisible = 0;
			defaultConfigurationName = Release;
		};
		18A5218423FF78C900913CD7 /* Build configuration list for PBXNativeTarget "RxSwiftPracticeTests" */ = {
			isa = XCConfigurationList;
			buildConfigurations = (
				18A5218523FF78C900913CD7 /* Debug */,
				18A5218623FF78C900913CD7 /* Release */,
			);
			defaultConfigurationIsVisible = 0;
			defaultConfigurationName = Release;
		};
		18A5218723FF78C900913CD7 /* Build configuration list for PBXNativeTarget "RxSwiftPracticeUITests" */ = {
			isa = XCConfigurationList;
			buildConfigurations = (
				18A5218823FF78C900913CD7 /* Debug */,
				18A5218923FF78C900913CD7 /* Release */,
			);
			defaultConfigurationIsVisible = 0;
			defaultConfigurationName = Release;
		};
/* End XCConfigurationList section */
	};
	rootObject = 18A5215123FF78C800913CD7 /* Project object */;
}
